Microsoft Visual Studio Solution File, Format Version 12.00
# Visual Studio 14
VisualStudioVersion = 14.0.23107.0
MinimumVisualStudioVersion = 10.0.40219.1
Project("{2150E333-8FDC-42A3-9474-1A3956D46DE8}") = ".paket", ".paket", "{63297B98-5CED-492C-A5B7-A5B4F73CF142}"
	ProjectSection(SolutionItems) = preProject
		paket.dependencies = paket.dependencies
		paket.lock = paket.lock
	EndProjectSection
EndProject
Project("{2150E333-8FDC-42A3-9474-1A3956D46DE8}") = "docs", "docs", "{A6A6AF7D-D6E3-442D-9B1E-58CC91879BE1}"
EndProject
Project("{F2A71F9B-5D33-465A-A702-920D77279786}") = "Sweepstake.2015", "src\Sweepstake.2015\Sweepstake.2015.fsproj", "{747E85CB-9B36-4824-B957-699119DE0C00}"
EndProject
Project("{2150E333-8FDC-42A3-9474-1A3956D46DE8}") = "project", "project", "{BF60BC93-E09B-4E5F-9D85-95A519479D54}"
	ProjectSection(SolutionItems) = preProject
		build.fsx = build.fsx
	EndProjectSection
EndProject
Project("{2150E333-8FDC-42A3-9474-1A3956D46DE8}") = "tools", "tools", "{83F16175-43B1-4C90-A1EE-8E351C33435D}"
	ProjectSection(SolutionItems) = preProject
		docs\tools\generate.fsx = docs\tools\generate.fsx
		docs\tools\templates\template.cshtml = docs\tools\templates\template.cshtml
	EndProjectSection
EndProject
Project("{2150E333-8FDC-42A3-9474-1A3956D46DE8}") = "content", "content", "{8E6D5255-776D-4B61-85F9-73C37AA1FB9A}"
	ProjectSection(SolutionItems) = preProject
		docs\content\draft.fsx = docs\content\draft.fsx
		docs\content\index.fsx = docs\content\index.fsx
		docs\content\scoring.fsx = docs\content\scoring.fsx
		docs\content\teams.fsx = docs\content\teams.fsx
	EndProjectSection
EndProject
Project("{2150E333-8FDC-42A3-9474-1A3956D46DE8}") = "tests", "tests", "{ED8079DD-2B06-4030-9F0F-DC548F98E1C4}"
EndProject
Project("{F2A71F9B-5D33-465A-A702-920D77279786}") = "Sweepstake.2015.Tests.NUnit", "tests\Sweepstake.2015.Tests\Sweepstake.2015.Tests.NUnit.fsproj", "{314A72A4-EEBC-4195-8C1A-FD7CD03F4EF2}"
EndProject
Project("{F2A71F9B-5D33-465A-A702-920D77279786}") = "Sweepstake.2015.Console", "src\Sweepstake.2015.Console\Sweepstake.2015.Console.fsproj", "{EC122D8A-EA46-45F8-A24B-3CA61A18654F}"
EndProject
Project("{F2A71F9B-5D33-465A-A702-920D77279786}") = "Sweepstake.2015.Tests.Shared", "src\Sweepstake.2015.Tests.Shared\Sweepstake.2015.Tests.Shared.fsproj", "{03F7691A-1374-4E46-8AF3-A3062635733E}"
EndProject
Project("{F2A71F9B-5D33-465A-A702-920D77279786}") = "Sweepstake.2015.Tests.VS", "src\Sweepstake.2015.Tests.VS\Sweepstake.2015.Tests.VS.fsproj", "{6A6829D6-DB4B-4C06-92FC-044F7E36946A}"
EndProject
Global
	GlobalSection(SolutionConfigurationPlatforms) = preSolution
		Debug|Any CPU = Debug|Any CPU
		Release|Any CPU = Release|Any CPU
	EndGlobalSection
	GlobalSection(ProjectConfigurationPlatforms) = postSolution
		{747E85CB-9B36-4824-B957-699119DE0C00}.Debug|Any CPU.ActiveCfg = Debug|Any CPU
		{747E85CB-9B36-4824-B957-699119DE0C00}.Debug|Any CPU.Build.0 = Debug|Any CPU
		{747E85CB-9B36-4824-B957-699119DE0C00}.Release|Any CPU.ActiveCfg = Release|Any CPU
		{747E85CB-9B36-4824-B957-699119DE0C00}.Release|Any CPU.Build.0 = Release|Any CPU
		{314A72A4-EEBC-4195-8C1A-FD7CD03F4EF2}.Debug|Any CPU.ActiveCfg = Debug|Any CPU
		{314A72A4-EEBC-4195-8C1A-FD7CD03F4EF2}.Debug|Any CPU.Build.0 = Debug|Any CPU
		{314A72A4-EEBC-4195-8C1A-FD7CD03F4EF2}.Release|Any CPU.ActiveCfg = Release|Any CPU
		{314A72A4-EEBC-4195-8C1A-FD7CD03F4EF2}.Release|Any CPU.Build.0 = Release|Any CPU
		{EC122D8A-EA46-45F8-A24B-3CA61A18654F}.Debug|Any CPU.ActiveCfg = Debug|Any CPU
		{EC122D8A-EA46-45F8-A24B-3CA61A18654F}.Debug|Any CPU.Build.0 = Debug|Any CPU
		{EC122D8A-EA46-45F8-A24B-3CA61A18654F}.Release|Any CPU.ActiveCfg = Release|Any CPU
		{EC122D8A-EA46-45F8-A24B-3CA61A18654F}.Release|Any CPU.Build.0 = Release|Any CPU
		{03F7691A-1374-4E46-8AF3-A3062635733E}.Debug|Any CPU.ActiveCfg = Debug|Any CPU
		{03F7691A-1374-4E46-8AF3-A3062635733E}.Debug|Any CPU.Build.0 = Debug|Any CPU
		{03F7691A-1374-4E46-8AF3-A3062635733E}.Release|Any CPU.ActiveCfg = Release|Any CPU
		{03F7691A-1374-4E46-8AF3-A3062635733E}.Release|Any CPU.Build.0 = Release|Any CPU
		{6A6829D6-DB4B-4C06-92FC-044F7E36946A}.Debug|Any CPU.ActiveCfg = Debug|Any CPU
		{6A6829D6-DB4B-4C06-92FC-044F7E36946A}.Debug|Any CPU.Build.0 = Debug|Any CPU
		{6A6829D6-DB4B-4C06-92FC-044F7E36946A}.Release|Any CPU.ActiveCfg = Release|Any CPU
		{6A6829D6-DB4B-4C06-92FC-044F7E36946A}.Release|Any CPU.Build.0 = Release|Any CPU
	EndGlobalSection
	GlobalSection(SolutionProperties) = preSolution
		HideSolutionNode = FALSE
	EndGlobalSection
	GlobalSection(NestedProjects) = preSolution
		{83F16175-43B1-4C90-A1EE-8E351C33435D} = {A6A6AF7D-D6E3-442D-9B1E-58CC91879BE1}
		{8E6D5255-776D-4B61-85F9-73C37AA1FB9A} = {A6A6AF7D-D6E3-442D-9B1E-58CC91879BE1}
		{314A72A4-EEBC-4195-8C1A-FD7CD03F4EF2} = {ED8079DD-2B06-4030-9F0F-DC548F98E1C4}
	EndGlobalSection
EndGlobal
